// !$*UTF8*$!
{
	archiveVersion = 1;
	classes = {
	};
	objectVersion = 46;
	objects = {

/* Begin PBXBuildFile section */
		2DE28E451F1E7154007E397C /* main.m in Sources */ = {isa = PBXBuildFile; fileRef = 2DE28E441F1E7154007E397C /* main.m */; };
		2DE28E4E1F1E7154007E397C /* Main.storyboard in Resources */ = {isa = PBXBuildFile; fileRef = 2DE28E4C1F1E7154007E397C /* Main.storyboard */; };
		2DE28E501F1E7154007E397C /* Assets.xcassets in Resources */ = {isa = PBXBuildFile; fileRef = 2DE28E4F1F1E7154007E397C /* Assets.xcassets */; };
		2DE28E531F1E7154007E397C /* LaunchScreen.storyboard in Resources */ = {isa = PBXBuildFile; fileRef = 2DE28E511F1E7154007E397C /* LaunchScreen.storyboard */; };
		2DF9EE321F1E725A008C2F27 /* AppDelegate.m in Sources */ = {isa = PBXBuildFile; fileRef = 2DF9EE311F1E725A008C2F27 /* AppDelegate.m */; };
		B380BA90EF1E8B9E2A0FC354 /* libPods-TestCocoaPods.a in Frameworks */ = {isa = PBXBuildFile; fileRef = C4D6C3EE9C8435DBF5B7B073 /* libPods-TestCocoaPods.a */; };
/* End PBXBuildFile section */

/* Begin PBXFileReference section */
		2DE28E401F1E7154007E397C /* TestCocoaPods.app */ = {isa = PBXFileReference; explicitFileType = wrapper.application; includeInIndex = 0; path = TestCocoaPods.app; sourceTree = BUILT_PRODUCTS_DIR; };
		2DE28E441F1E7154007E397C /* main.m */ = {isa = PBXFileReference; lastKnownFileType = sourcecode.c.objc; path = main.m; sourceTree = "<group>"; };
		2DE28E4D1F1E7154007E397C /* Base */ = {isa = PBXFileReference; lastKnownFileType = file.storyboard; name = Base; path = Base.lproj/Main.storyboard; sourceTree = "<group>"; };
		2DE28E4F1F1E7154007E397C /* Assets.xcassets */ = {isa = PBXFileReference; lastKnownFileType = folder.assetcatalog; path = Assets.xcassets; sourceTree = "<group>"; };
		2DE28E521F1E7154007E397C /* Base */ = {isa = PBXFileReference; lastKnownFileType = file.storyboard; name = Base; path = Base.lproj/LaunchScreen.storyboard; sourceTree = "<group>"; };
		2DE28E541F1E7154007E397C /* Info.plist */ = {isa = PBXFileReference; lastKnownFileType = text.plist.xml; path = Info.plist; sourceTree = "<group>"; };
		2DF9EE301F1E725A008C2F27 /* AppDelegate.h */ = {isa = PBXFileReference; fileEncoding = 4; lastKnownFileType = sourcecode.c.h; name = AppDelegate.h; path = ../../common/AppDelegate.h; sourceTree = "<group>"; };
		2DF9EE311F1E725A008C2F27 /* AppDelegate.m */ = {isa = PBXFileReference; fileEncoding = 4; lastKnownFileType = sourcecode.c.objc; name = AppDelegate.m; path = ../../common/AppDelegate.m; sourceTree = "<group>"; };
		A13CDA200A09D410C9ABD617 /* Pods-TestCocoaPods.debug.xcconfig */ = {isa = PBXFileReference; includeInIndex = 1; lastKnownFileType = text.xcconfig; name = "Pods-TestCocoaPods.debug.xcconfig"; path = "Pods/Target Support Files/Pods-TestCocoaPods/Pods-TestCocoaPods.debug.xcconfig"; sourceTree = "<group>"; };
		C4D6C3EE9C8435DBF5B7B073 /* libPods-TestCocoaPods.a */ = {isa = PBXFileReference; explicitFileType = archive.ar; includeInIndex = 0; path = "libPods-TestCocoaPods.a"; sourceTree = BUILT_PRODUCTS_DIR; };
		E6A31D6E11CECE40B593146E /* Pods-TestCocoaPods.release.xcconfig */ = {isa = PBXFileReference; includeInIndex = 1; lastKnownFileType = text.xcconfig; name = "Pods-TestCocoaPods.release.xcconfig"; path = "Pods/Target Support Files/Pods-TestCocoaPods/Pods-TestCocoaPods.release.xcconfig"; sourceTree = "<group>"; };
/* End PBXFileReference section */

/* Begin PBXFrameworksBuildPhase section */
		2DE28E3D1F1E7154007E397C /* Frameworks */ = {
			isa = PBXFrameworksBuildPhase;
			buildActionMask = 2147483647;
			files = (
				B380BA90EF1E8B9E2A0FC354 /* libPods-TestCocoaPods.a in Frameworks */,
			);
			runOnlyForDeploymentPostprocessing = 0;
		};
/* End PBXFrameworksBuildPhase section */

/* Begin PBXGroup section */
		2DE28E371F1E7154007E397C = {
			isa = PBXGroup;
			children = (
				2DE28E421F1E7154007E397C /* TestCocoaPods */,
				2DE28E411F1E7154007E397C /* Products */,
				5589B5FEC9862CA4F90DC9B6 /* Pods */,
				D74BFFF9ACB64832AFBE30BC /* Frameworks */,
			);
			sourceTree = "<group>";
		};
		2DE28E411F1E7154007E397C /* Products */ = {
			isa = PBXGroup;
			children = (
				2DE28E401F1E7154007E397C /* TestCocoaPods.app */,
			);
			name = Products;
			sourceTree = "<group>";
		};
		2DE28E421F1E7154007E397C /* TestCocoaPods */ = {
			isa = PBXGroup;
			children = (
				2DF9EE301F1E725A008C2F27 /* AppDelegate.h */,
				2DF9EE311F1E725A008C2F27 /* AppDelegate.m */,
				2DE28E4C1F1E7154007E397C /* Main.storyboard */,
				2DE28E4F1F1E7154007E397C /* Assets.xcassets */,
				2DE28E511F1E7154007E397C /* LaunchScreen.storyboard */,
				2DE28E541F1E7154007E397C /* Info.plist */,
				2DE28E431F1E7154007E397C /* Supporting Files */,
			);
			path = TestCocoaPods;
			sourceTree = "<group>";
		};
		2DE28E431F1E7154007E397C /* Supporting Files */ = {
			isa = PBXGroup;
			children = (
				2DE28E441F1E7154007E397C /* main.m */,
			);
			name = "Supporting Files";
			sourceTree = "<group>";
		};
		5589B5FEC9862CA4F90DC9B6 /* Pods */ = {
			isa = PBXGroup;
			children = (
				A13CDA200A09D410C9ABD617 /* Pods-TestCocoaPods.debug.xcconfig */,
				E6A31D6E11CECE40B593146E /* Pods-TestCocoaPods.release.xcconfig */,
			);
			name = Pods;
			sourceTree = "<group>";
		};
		D74BFFF9ACB64832AFBE30BC /* Frameworks */ = {
			isa = PBXGroup;
			children = (
				C4D6C3EE9C8435DBF5B7B073 /* libPods-TestCocoaPods.a */,
			);
			name = Frameworks;
			sourceTree = "<group>";
		};
/* End PBXGroup section */

/* Begin PBXNativeTarget section */
		2DE28E3F1F1E7154007E397C /* TestCocoaPods */ = {
			isa = PBXNativeTarget;
			buildConfigurationList = 2DE28E571F1E7154007E397C /* Build configuration list for PBXNativeTarget "TestCocoaPods" */;
			buildPhases = (
				04FB00CD2F73AF47BE89249F /* [CP] Check Pods Manifest.lock */,
				2DE28E3C1F1E7154007E397C /* Sources */,
				2DE28E3D1F1E7154007E397C /* Frameworks */,
				2DE28E3E1F1E7154007E397C /* Resources */,
				612D4390378DF615A05A4169 /* [CP] Embed Pods Frameworks */,
				EFB1B3CE0FCC5B19167BD908 /* [CP] Copy Pods Resources */,
			);
			buildRules = (
			);
			dependencies = (
			);
			name = TestCocoaPods;
			productName = TestCocoaPods;
			productReference = 2DE28E401F1E7154007E397C /* TestCocoaPods.app */;
			productType = "com.apple.product-type.application";
		};
/* End PBXNativeTarget section */

/* Begin PBXProject section */
		2DE28E381F1E7154007E397C /* Project object */ = {
			isa = PBXProject;
			attributes = {
				LastUpgradeCheck = 0830;
				ORGANIZATIONNAME = "Douglas Lowder";
				TargetAttributes = {
					2DE28E3F1F1E7154007E397C = {
						CreatedOnToolsVersion = 8.3.3;
						ProvisioningStyle = Automatic;
					};
				};
			};
			buildConfigurationList = 2DE28E3B1F1E7154007E397C /* Build configuration list for PBXProject "TestCocoaPods" */;
			compatibilityVersion = "Xcode 3.2";
			developmentRegion = English;
			hasScannedForEncodings = 0;
			knownRegions = (
				en,
				Base,
			);
			mainGroup = 2DE28E371F1E7154007E397C;
			productRefGroup = 2DE28E411F1E7154007E397C /* Products */;
			projectDirPath = "";
			projectRoot = "";
			targets = (
				2DE28E3F1F1E7154007E397C /* TestCocoaPods */,
			);
		};
/* End PBXProject section */

/* Begin PBXResourcesBuildPhase section */
		2DE28E3E1F1E7154007E397C /* Resources */ = {
			isa = PBXResourcesBuildPhase;
			buildActionMask = 2147483647;
			files = (
				2DE28E531F1E7154007E397C /* LaunchScreen.storyboard in Resources */,
				2DE28E501F1E7154007E397C /* Assets.xcassets in Resources */,
				2DE28E4E1F1E7154007E397C /* Main.storyboard in Resources */,
			);
			runOnlyForDeploymentPostprocessing = 0;
		};
/* End PBXResourcesBuildPhase section */

/* Begin PBXShellScriptBuildPhase section */
		04FB00CD2F73AF47BE89249F /* [CP] Check Pods Manifest.lock */ = {
			isa = PBXShellScriptBuildPhase;
			buildActionMask = 2147483647;
			files = (
			);
			inputPaths = (
				"${PODS_PODFILE_DIR_PATH}/Podfile.lock",
				"${PODS_ROOT}/Manifest.lock",
			);
			name = "[CP] Check Pods Manifest.lock";
			outputPaths = (
				"$(DERIVED_FILE_DIR)/Pods-TestCocoaPods-checkManifestLockResult.txt",
			);
			runOnlyForDeploymentPostprocessing = 0;
			shellPath = /bin/sh;
			shellScript = "diff \"${PODS_PODFILE_DIR_PATH}/Podfile.lock\" \"${PODS_ROOT}/Manifest.lock\" > /dev/null\nif [ $? != 0 ] ; then\n    # print error to STDERR\n    echo \"error: The sandbox is not in sync with the Podfile.lock. Run 'pod install' or update your CocoaPods installation.\" >&2\n    exit 1\nfi\n# This output is used by Xcode 'outputs' to avoid re-running this script phase.\necho \"SUCCESS\" > \"${SCRIPT_OUTPUT_FILE_0}\"\n";
			showEnvVarsInLog = 0;
		};
		612D4390378DF615A05A4169 /* [CP] Embed Pods Frameworks */ = {
			isa = PBXShellScriptBuildPhase;
			buildActionMask = 2147483647;
			files = (
			);
			inputPaths = (
			);
			name = "[CP] Embed Pods Frameworks";
			outputPaths = (
			);
			runOnlyForDeploymentPostprocessing = 0;
			shellPath = /bin/sh;
			shellScript = "\"${SRCROOT}/Pods/Target Support Files/Pods-TestCocoaPods/Pods-TestCocoaPods-frameworks.sh\"\n";
			showEnvVarsInLog = 0;
		};
		EFB1B3CE0FCC5B19167BD908 /* [CP] Copy Pods Resources */ = {
			isa = PBXShellScriptBuildPhase;
			buildActionMask = 2147483647;
			files = (
			);
			inputPaths = (
			);
			name = "[CP] Copy Pods Resources";
			outputPaths = (
			);
			runOnlyForDeploymentPostprocessing = 0;
			shellPath = /bin/sh;
			shellScript = "\"${SRCROOT}/Pods/Target Support Files/Pods-TestCocoaPods/Pods-TestCocoaPods-resources.sh\"\n";
			showEnvVarsInLog = 0;
		};
/* End PBXShellScriptBuildPhase section */

/* Begin PBXSourcesBuildPhase section */
		2DE28E3C1F1E7154007E397C /* Sources */ = {
			isa = PBXSourcesBuildPhase;
			buildActionMask = 2147483647;
			files = (
				2DF9EE321F1E725A008C2F27 /* AppDelegate.m in Sources */,
				2DE28E451F1E7154007E397C /* main.m in Sources */,
			);
			runOnlyForDeploymentPostprocessing = 0;
		};
/* End PBXSourcesBuildPhase section */

/* Begin PBXVariantGroup section */
		2DE28E4C1F1E7154007E397C /* Main.storyboard */ = {
			isa = PBXVariantGroup;
			children = (
				2DE28E4D1F1E7154007E397C /* Base */,
			);
			name = Main.storyboard;
			sourceTree = "<group>";
		};
		2DE28E511F1E7154007E397C /* LaunchScreen.storyboard */ = {
			isa = PBXVariantGroup;
			children = (
				2DE28E521F1E7154007E397C /* Base */,
			);
			name = LaunchScreen.storyboard;
			sourceTree = "<group>";
		};
/* End PBXVariantGroup section */

/* Begin XCBuildConfiguration section */
		2DE28E551F1E7154007E397C /* Debug */ = {
			isa = XCBuildConfiguration;
			buildSettings = {
				ALWAYS_SEARCH_USER_PATHS = NO;
				CLANG_ANALYZER_NONNULL = YES;
				CLANG_ANALYZER_NUMBER_OBJECT_CONVERSION = YES_AGGRESSIVE;
				CLANG_CXX_LANGUAGE_STANDARD = "gnu++0x";
				CLANG_CXX_LIBRARY = "libc++";
				CLANG_ENABLE_MODULES = YES;
				CLANG_ENABLE_OBJC_ARC = YES;
				CLANG_WARN_BOOL_CONVERSION = YES;
				CLANG_WARN_CONSTANT_CONVERSION = YES;
				CLANG_WARN_DIRECT_OBJC_ISA_USAGE = YES_ERROR;
				CLANG_WARN_DOCUMENTATION_COMMENTS = YES;
				CLANG_WARN_EMPTY_BODY = YES;
				CLANG_WARN_ENUM_CONVERSION = YES;
				CLANG_WARN_INFINITE_RECURSION = YES;
				CLANG_WARN_INT_CONVERSION = YES;
				CLANG_WARN_OBJC_ROOT_CLASS = YES_ERROR;
				CLANG_WARN_SUSPICIOUS_MOVE = YES;
				CLANG_WARN_UNREACHABLE_CODE = YES;
				CLANG_WARN__DUPLICATE_METHOD_MATCH = YES;
				"CODE_SIGN_IDENTITY[sdk=iphoneos*]" = "iPhone Developer";
				COPY_PHASE_STRIP = NO;
				DEBUG_INFORMATION_FORMAT = dwarf;
				ENABLE_STRICT_OBJC_MSGSEND = YES;
				ENABLE_TESTABILITY = YES;
				GCC_C_LANGUAGE_STANDARD = gnu99;
				GCC_DYNAMIC_NO_PIC = NO;
				GCC_NO_COMMON_BLOCKS = YES;
				GCC_OPTIMIZATION_LEVEL = 0;
				GCC_PREPROCESSOR_DEFINITIONS = (
					"DEBUG=1",
					"$(inherited)",
				);
				GCC_WARN_64_TO_32_BIT_CONVERSION = YES;
				GCC_WARN_ABOUT_RETURN_TYPE = YES_ERROR;
				GCC_WARN_UNDECLARED_SELECTOR = YES;
				GCC_WARN_UNINITIALIZED_AUTOS = YES_AGGRESSIVE;
				GCC_WARN_UNUSED_FUNCTION = YES;
				GCC_WARN_UNUSED_VARIABLE = YES;
				IPHONEOS_DEPLOYMENT_TARGET = 10.3;
				MTL_ENABLE_DEBUG_INFO = YES;
				ONLY_ACTIVE_ARCH = YES;
				SDKROOT = iphoneos;
				TARGETED_DEVICE_FAMILY = "1,2";
			};
			name = Debug;
		};
		2DE28E561F1E7154007E397C /* Release */ = {
			isa = XCBuildConfiguration;
			buildSettings = {
				ALWAYS_SEARCH_USER_PATHS = NO;
				CLANG_ANALYZER_NONNULL = YES;
				CLANG_ANALYZER_NUMBER_OBJECT_CONVERSION = YES_AGGRESSIVE;
				CLANG_CXX_LANGUAGE_STANDARD = "gnu++0x";
				CLANG_CXX_LIBRARY = "libc++";
				CLANG_ENABLE_MODULES = YES;
				CLANG_ENABLE_OBJC_ARC = YES;
				CLANG_WARN_BOOL_CONVERSION = YES;
				CLANG_WARN_CONSTANT_CONVERSION = YES;
				CLANG_WARN_DIRECT_OBJC_ISA_USAGE = YES_ERROR;
				CLANG_WARN_DOCUMENTATION_COMMENTS = YES;
				CLANG_WARN_EMPTY_BODY = YES;
				CLANG_WARN_ENUM_CONVERSION = YES;
				CLANG_WARN_INFINITE_RECURSION = YES;
				CLANG_WARN_INT_CONVERSION = YES;
				CLANG_WARN_OBJC_ROOT_CLASS = YES_ERROR;
				CLANG_WARN_SUSPICIOUS_MOVE = YES;
				CLANG_WARN_UNREACHABLE_CODE = YES;
				CLANG_WARN__DUPLICATE_METHOD_MATCH = YES;
				"CODE_SIGN_IDENTITY[sdk=iphoneos*]" = "iPhone Developer";
				COPY_PHASE_STRIP = NO;
				DEBUG_INFORMATION_FORMAT = "dwarf-with-dsym";
				ENABLE_NS_ASSERTIONS = NO;
				ENABLE_STRICT_OBJC_MSGSEND = YES;
				GCC_C_LANGUAGE_STANDARD = gnu99;
				GCC_NO_COMMON_BLOCKS = YES;
				GCC_WARN_64_TO_32_BIT_CONVERSION = YES;
				GCC_WARN_ABOUT_RETURN_TYPE = YES_ERROR;
				GCC_WARN_UNDECLARED_SELECTOR = YES;
				GCC_WARN_UNINITIALIZED_AUTOS = YES_AGGRESSIVE;
				GCC_WARN_UNUSED_FUNCTION = YES;
				GCC_WARN_UNUSED_VARIABLE = YES;
				IPHONEOS_DEPLOYMENT_TARGET = 10.3;
				MTL_ENABLE_DEBUG_INFO = NO;
				SDKROOT = iphoneos;
				TARGETED_DEVICE_FAMILY = "1,2";
				VALIDATE_PRODUCT = YES;
			};
			name = Release;
		};
		2DE28E581F1E7154007E397C /* Debug */ = {
			isa = XCBuildConfiguration;
			baseConfigurationReference = A13CDA200A09D410C9ABD617 /* Pods-TestCocoaPods.debug.xcconfig */;
			buildSettings = {
				ASSETCATALOG_COMPILER_APPICON_NAME = AppIcon;
				INFOPLIST_FILE = TestCocoaPods/Info.plist;
				LD_RUNPATH_SEARCH_PATHS = "$(inherited) @executable_path/Frameworks";
				PRODUCT_BUNDLE_IDENTIFIER = com.douglowder.TestCocoaPods;
				PRODUCT_NAME = "$(TARGET_NAME)";
			};
			name = Debug;
		};
		2DE28E591F1E7154007E397C /* Release */ = {
			isa = XCBuildConfiguration;
			baseConfigurationReference = E6A31D6E11CECE40B593146E /* Pods-TestCocoaPods.release.xcconfig */;
			buildSettings = {
				ASSETCATALOG_COMPILER_APPICON_NAME = AppIcon;
				INFOPLIST_FILE = TestCocoaPods/Info.plist;
				LD_RUNPATH_SEARCH_PATHS = "$(inherited) @executable_path/Frameworks";
				PRODUCT_BUNDLE_IDENTIFIER = com.douglowder.TestCocoaPods;
				PRODUCT_NAME = "$(TARGET_NAME)";
			};
			name = Release;
		};
/* End XCBuildConfiguration section */

/* Begin XCConfigurationList section */
		2DE28E3B1F1E7154007E397C /* Build configuration list for PBXProject "TestCocoaPods" */ = {
			isa = XCConfigurationList;
			buildConfigurations = (
				2DE28E551F1E7154007E397C /* Debug */,
				2DE28E561F1E7154007E397C /* Release */,
			);
			defaultConfigurationIsVisible = 0;
			defaultConfigurationName = Release;
		};
		2DE28E571F1E7154007E397C /* Build configuration list for PBXNativeTarget "TestCocoaPods" */ = {
			isa = XCConfigurationList;
			buildConfigurations = (
				2DE28E581F1E7154007E397C /* Debug */,
				2DE28E591F1E7154007E397C /* Release */,
			);
			defaultConfigurationIsVisible = 0;
			defaultConfigurationName = Release;
		};
/* End XCConfigurationList section */
	};
	rootObject = 2DE28E381F1E7154007E397C /* Project object */;
}
